
Microsoft Visual Studio Solution File, Format Version 9.00
# Visual Studio 2005
Project("{FAE04EC0-301F-11D3-BF4B-00C04F79EFBC}") = "kaistizen.ApplicationBlocks.MemoryBasedPacket", "kaistizen.ApplicationBlocks.MemoryBasedPacket\kaistizen.ApplicationBlocks.MemoryBasedPacket.csproj", "{A1CC263F-7B60-49A4-866D-8CF5CAA663B8}"
EndProject
Global
	GlobalSection(SolutionConfigurationPlatforms) = preSolution
		Debug|Any CPU = Debug|Any CPU
		Release|Any CPU = Release|Any CPU
	EndGlobalSection
	GlobalSection(ProjectConfigurationPlatforms) = postSolution
		{A1CC263F-7B60-49A4-866D-8CF5CAA663B8}.Debug|Any CPU.ActiveCfg = Debug|Any CPU
		{A1CC263F-7B60-49A4-866D-8CF5CAA663B8}.Debug|Any CPU.Build.0 = Debug|Any CPU
		{A1CC263F-7B60-49A4-866D-8CF5CAA663B8}.Release|Any CPU.ActiveCfg = Release|Any CPU
		{A1CC263F-7B60-49A4-866D-8CF5CAA663B8}.Release|Any CPU.Build.0 = Release|Any CPU
	EndGlobalSection
	GlobalSection(SolutionProperties) = preSolution
		HideSolutionNode = FALSE
	EndGlobalSection
EndGlobal
